
Microsoft Visual Studio Solution File, Format Version 12.00
# Visual Studio Version 17
VisualStudioVersion = 17.5.002.0
MinimumVisualStudioVersion = 10.0.40219.1
Project("{2150E333-8FDC-42A3-9474-1A3956D46DE8}") = "csharp-prep", "csharp-prep", "{10EF527A-627B-4BC4-ABDB-488B7F7738A7}"
EndProject
Project("{9A19103F-16F7-4668-BE54-9A1E7A4F7556}") = "Prep1", "csharp-prep\Prep1\Prep1.csproj", "{01B8D523-7B4F-493B-B703-D596AFA14BA4}"
EndProject
Project("{9A19103F-16F7-4668-BE54-9A1E7A4F7556}") = "Prep2", "csharp-prep\Prep2\Prep2.csproj", "{6E440234-7760-474C-828C-2255B550BE0C}"
EndProject
Project("{9A19103F-16F7-4668-BE54-9A1E7A4F7556}") = "Prep3", "csharp-prep\Prep3\Prep3.csproj", "{BC8DDA9C-B32D-47FE-9DD0-E4C234F19EA1}"
EndProject
Project("{9A19103F-16F7-4668-BE54-9A1E7A4F7556}") = "Prep4", "csharp-prep\Prep4\Prep4.csproj", "{A71233EC-6D4E-4C8E-93F1-E6F3D8E87914}"
EndProject
Project("{9A19103F-16F7-4668-BE54-9A1E7A4F7556}") = "Prep5", "csharp-prep\Prep5\Prep5.csproj", "{C28261B3-C844-4347-92A2-7FFC151B126F}"
EndProject
Project("{2150E333-8FDC-42A3-9474-1A3956D46DE8}") = "final", "final", "{58E297EC-6B1B-4A8C-B6EE-08B6597928B8}"
EndProject
Project("{9A19103F-16F7-4668-BE54-9A1E7A4F7556}") = "FinalProject", "final\FinalProject\FinalProject.csproj", "{E0B7C249-142B-4BB6-9CC0-4214EDF6A87C}"
EndProject
Project("{9A19103F-16F7-4668-BE54-9A1E7A4F7556}") = "Foundation1", "final\Foundation1\Foundation1.csproj", "{7BB1C51B-F91A-4978-B8A8-386F48C86353}"
EndProject
Project("{9A19103F-16F7-4668-BE54-9A1E7A4F7556}") = "Foundation2", "final\Foundation2\Foundation2.csproj", "{6EF33B37-87A8-49EF-8022-358D869C54AE}"
EndProject
Project("{9A19103F-16F7-4668-BE54-9A1E7A4F7556}") = "Foundation3", "final\Foundation3\Foundation3.csproj", "{5C204508-3158-4684-81C1-514C3BE20FA8}"
EndProject
Project("{9A19103F-16F7-4668-BE54-9A1E7A4F7556}") = "Foundation4", "final\Foundation4\Foundation4.csproj", "{23CAF65D-5C5E-4453-A5A0-08EE6AA67526}"
EndProject
Project("{2150E333-8FDC-42A3-9474-1A3956D46DE8}") = "prepare", "prepare", "{E8DA8384-25C2-4298-88A9-6BB3355D1CCC}"
EndProject
Project("{9A19103F-16F7-4668-BE54-9A1E7A4F7556}") = "Learning02", "prepare\Learning02\Learning02.csproj", "{AC2C2136-3C86-4423-8F7C-4C47D59CC356}"
EndProject
Project("{9A19103F-16F7-4668-BE54-9A1E7A4F7556}") = "Learning03", "prepare\Learning03\Learning03.csproj", "{092764EE-E53A-4CB9-8CF8-1EA06E0E4A57}"
EndProject
Project("{9A19103F-16F7-4668-BE54-9A1E7A4F7556}") = "Learning04", "prepare\Learning04\Learning04.csproj", "{5DF348BA-B308-41E5-B42F-1077B5AC3C3C}"
EndProject
Project("{9A19103F-16F7-4668-BE54-9A1E7A4F7556}") = "Learning05", "prepare\Learning05\Learning05.csproj", "{40CC52FD-3088-4C07-800F-B74092EEBA6C}"
EndProject
Project("{2150E333-8FDC-42A3-9474-1A3956D46DE8}") = "prove", "prove", "{8B3318E7-ACF0-4C56-9FF6-1F524B41EB67}"
EndProject
Project("{9A19103F-16F7-4668-BE54-9A1E7A4F7556}") = "Develop02", "prove\Develop02\Develop02.csproj", "{1429484C-B9C4-44ED-B62E-888CAA1F8714}"
EndProject
Project("{9A19103F-16F7-4668-BE54-9A1E7A4F7556}") = "Develop03", "prove\Develop03\Develop03.csproj", "{03146DC9-E4A2-42C3-887F-7526658B34CC}"
EndProject
Project("{9A19103F-16F7-4668-BE54-9A1E7A4F7556}") = "Develop04", "prove\Develop04\Develop04.csproj", "{3171AEE5-7A71-45AF-8195-D6CC18A4ECB8}"
EndProject
Project("{9A19103F-16F7-4668-BE54-9A1E7A4F7556}") = "Develop05", "prove\Develop05\Develop05.csproj", "{A886430D-2513-4E4D-A2E8-A27FCB72A1A3}"
EndProject
Project("{2150E333-8FDC-42A3-9474-1A3956D46DE8}") = "sandbox", "sandbox", "{FC039B6A-CA1C-41A7-9C4B-FFDD6E3582C8}"
EndProject
Project("{9A19103F-16F7-4668-BE54-9A1E7A4F7556}") = "Sandbox", "sandbox\Sandbox\Sandbox.csproj", "{1555D772-1D96-4012-95F8-CB4D975587A5}"
EndProject
Global
	GlobalSection(SolutionConfigurationPlatforms) = preSolution
		Debug|Any CPU = Debug|Any CPU
		Release|Any CPU = Release|Any CPU
	EndGlobalSection
	GlobalSection(ProjectConfigurationPlatforms) = postSolution
		{01B8D523-7B4F-493B-B703-D596AFA14BA4}.Debug|Any CPU.ActiveCfg = Debug|Any CPU
		{01B8D523-7B4F-493B-B703-D596AFA14BA4}.Debug|Any CPU.Build.0 = Debug|Any CPU
		{01B8D523-7B4F-493B-B703-D596AFA14BA4}.Release|Any CPU.ActiveCfg = Release|Any CPU
		{01B8D523-7B4F-493B-B703-D596AFA14BA4}.Release|Any CPU.Build.0 = Release|Any CPU
		{6E440234-7760-474C-828C-2255B550BE0C}.Debug|Any CPU.ActiveCfg = Debug|Any CPU
		{6E440234-7760-474C-828C-2255B550BE0C}.Debug|Any CPU.Build.0 = Debug|Any CPU
		{6E440234-7760-474C-828C-2255B550BE0C}.Release|Any CPU.ActiveCfg = Release|Any CPU
		{6E440234-7760-474C-828C-2255B550BE0C}.Release|Any CPU.Build.0 = Release|Any CPU
		{BC8DDA9C-B32D-47FE-9DD0-E4C234F19EA1}.Debug|Any CPU.ActiveCfg = Debug|Any CPU
		{BC8DDA9C-B32D-47FE-9DD0-E4C234F19EA1}.Debug|Any CPU.Build.0 = Debug|Any CPU
		{BC8DDA9C-B32D-47FE-9DD0-E4C234F19EA1}.Release|Any CPU.ActiveCfg = Release|Any CPU
		{BC8DDA9C-B32D-47FE-9DD0-E4C234F19EA1}.Release|Any CPU.Build.0 = Release|Any CPU
		{A71233EC-6D4E-4C8E-93F1-E6F3D8E87914}.Debug|Any CPU.ActiveCfg = Debug|Any CPU
		{A71233EC-6D4E-4C8E-93F1-E6F3D8E87914}.Debug|Any CPU.Build.0 = Debug|Any CPU
		{A71233EC-6D4E-4C8E-93F1-E6F3D8E87914}.Release|Any CPU.ActiveCfg = Release|Any CPU
		{A71233EC-6D4E-4C8E-93F1-E6F3D8E87914}.Release|Any CPU.Build.0 = Release|Any CPU
		{C28261B3-C844-4347-92A2-7FFC151B126F}.Debug|Any CPU.ActiveCfg = Debug|Any CPU
		{C28261B3-C844-4347-92A2-7FFC151B126F}.Debug|Any CPU.Build.0 = Debug|Any CPU
		{C28261B3-C844-4347-92A2-7FFC151B126F}.Release|Any CPU.ActiveCfg = Release|Any CPU
		{C28261B3-C844-4347-92A2-7FFC151B126F}.Release|Any CPU.Build.0 = Release|Any CPU
		{E0B7C249-142B-4BB6-9CC0-4214EDF6A87C}.Debug|Any CPU.ActiveCfg = Debug|Any CPU
		{E0B7C249-142B-4BB6-9CC0-4214EDF6A87C}.Debug|Any CPU.Build.0 = Debug|Any CPU
		{E0B7C249-142B-4BB6-9CC0-4214EDF6A87C}.Release|Any CPU.ActiveCfg = Release|Any CPU
		{E0B7C249-142B-4BB6-9CC0-4214EDF6A87C}.Release|Any CPU.Build.0 = Release|Any CPU
		{7BB1C51B-F91A-4978-B8A8-386F48C86353}.Debug|Any CPU.ActiveCfg = Debug|Any CPU
		{7BB1C51B-F91A-4978-B8A8-386F48C86353}.Debug|Any CPU.Build.0 = Debug|Any CPU
		{7BB1C51B-F91A-4978-B8A8-386F48C86353}.Release|Any CPU.ActiveCfg = Release|Any CPU
		{7BB1C51B-F91A-4978-B8A8-386F48C86353}.Release|Any CPU.Build.0 = Release|Any CPU
		{6EF33B37-87A8-49EF-8022-358D869C54AE}.Debug|Any CPU.ActiveCfg = Debug|Any CPU
		{6EF33B37-87A8-49EF-8022-358D869C54AE}.Debug|Any CPU.Build.0 = Debug|Any CPU
		{6EF33B37-87A8-49EF-8022-358D869C54AE}.Release|Any CPU.ActiveCfg = Release|Any CPU
		{6EF33B37-87A8-49EF-8022-358D869C54AE}.Release|Any CPU.Build.0 = Release|Any CPU
		{5C204508-3158-4684-81C1-514C3BE20FA8}.Debug|Any CPU.ActiveCfg = Debug|Any CPU
		{5C204508-3158-4684-81C1-514C3BE20FA8}.Debug|Any CPU.Build.0 = Debug|Any CPU
		{5C204508-3158-4684-81C1-514C3BE20FA8}.Release|Any CPU.ActiveCfg = Release|Any CPU
		{5C204508-3158-4684-81C1-514C3BE20FA8}.Release|Any CPU.Build.0 = Release|Any CPU
		{23CAF65D-5C5E-4453-A5A0-08EE6AA67526}.Debug|Any CPU.ActiveCfg = Debug|Any CPU
		{23CAF65D-5C5E-4453-A5A0-08EE6AA67526}.Debug|Any CPU.Build.0 = Debug|Any CPU
		{23CAF65D-5C5E-4453-A5A0-08EE6AA67526}.Release|Any CPU.ActiveCfg = Release|Any CPU
		{23CAF65D-5C5E-4453-A5A0-08EE6AA67526}.Release|Any CPU.Build.0 = Release|Any CPU
		{AC2C2136-3C86-4423-8F7C-4C47D59CC356}.Debug|Any CPU.ActiveCfg = Debug|Any CPU
		{AC2C2136-3C86-4423-8F7C-4C47D59CC356}.Debug|Any CPU.Build.0 = Debug|Any CPU
		{AC2C2136-3C86-4423-8F7C-4C47D59CC356}.Release|Any CPU.ActiveCfg = Release|Any CPU
		{AC2C2136-3C86-4423-8F7C-4C47D59CC356}.Release|Any CPU.Build.0 = Release|Any CPU
		{092764EE-E53A-4CB9-8CF8-1EA06E0E4A57}.Debug|Any CPU.ActiveCfg = Debug|Any CPU
		{092764EE-E53A-4CB9-8CF8-1EA06E0E4A57}.Debug|Any CPU.Build.0 = Debug|Any CPU
		{092764EE-E53A-4CB9-8CF8-1EA06E0E4A57}.Release|Any CPU.ActiveCfg = Release|Any CPU
		{092764EE-E53A-4CB9-8CF8-1EA06E0E4A57}.Release|Any CPU.Build.0 = Release|Any CPU
		{5DF348BA-B308-41E5-B42F-1077B5AC3C3C}.Debug|Any CPU.ActiveCfg = Debug|Any CPU
		{5DF348BA-B308-41E5-B42F-1077B5AC3C3C}.Debug|Any CPU.Build.0 = Debug|Any CPU
		{5DF348BA-B308-41E5-B42F-1077B5AC3C3C}.Release|Any CPU.ActiveCfg = Release|Any CPU
		{5DF348BA-B308-41E5-B42F-1077B5AC3C3C}.Release|Any CPU.Build.0 = Release|Any CPU
		{40CC52FD-3088-4C07-800F-B74092EEBA6C}.Debug|Any CPU.ActiveCfg = Debug|Any CPU
		{40CC52FD-3088-4C07-800F-B74092EEBA6C}.Debug|Any CPU.Build.0 = Debug|Any CPU
		{40CC52FD-3088-4C07-800F-B74092EEBA6C}.Release|Any CPU.ActiveCfg = Release|Any CPU
		{40CC52FD-3088-4C07-800F-B74092EEBA6C}.Release|Any CPU.Build.0 = Release|Any CPU
		{1429484C-B9C4-44ED-B62E-888CAA1F8714}.Debug|Any CPU.ActiveCfg = Debug|Any CPU
		{1429484C-B9C4-44ED-B62E-888CAA1F8714}.Debug|Any CPU.Build.0 = Debug|Any CPU
		{1429484C-B9C4-44ED-B62E-888CAA1F8714}.Release|Any CPU.ActiveCfg = Release|Any CPU
		{1429484C-B9C4-44ED-B62E-888CAA1F8714}.Release|Any CPU.Build.0 = Release|Any CPU
		{03146DC9-E4A2-42C3-887F-7526658B34CC}.Debug|Any CPU.ActiveCfg = Debug|Any CPU
		{03146DC9-E4A2-42C3-887F-7526658B34CC}.Debug|Any CPU.Build.0 = Debug|Any CPU
		{03146DC9-E4A2-42C3-887F-7526658B34CC}.Release|Any CPU.ActiveCfg = Release|Any CPU
		{03146DC9-E4A2-42C3-887F-7526658B34CC}.Release|Any CPU.Build.0 = Release|Any CPU
		{3171AEE5-7A71-45AF-8195-D6CC18A4ECB8}.Debug|Any CPU.ActiveCfg = Debug|Any CPU
		{3171AEE5-7A71-45AF-8195-D6CC18A4ECB8}.Debug|Any CPU.Build.0 = Debug|Any CPU
		{3171AEE5-7A71-45AF-8195-D6CC18A4ECB8}.Release|Any CPU.ActiveCfg = Release|Any CPU
		{3171AEE5-7A71-45AF-8195-D6CC18A4ECB8}.Release|Any CPU.Build.0 = Release|Any CPU
		{A886430D-2513-4E4D-A2E8-A27FCB72A1A3}.Debug|Any CPU.ActiveCfg = Debug|Any CPU
		{A886430D-2513-4E4D-A2E8-A27FCB72A1A3}.Debug|Any CPU.Build.0 = Debug|Any CPU
		{A886430D-2513-4E4D-A2E8-A27FCB72A1A3}.Release|Any CPU.ActiveCfg = Release|Any CPU
		{A886430D-2513-4E4D-A2E8-A27FCB72A1A3}.Release|Any CPU.Build.0 = Release|Any CPU
		{1555D772-1D96-4012-95F8-CB4D975587A5}.Debug|Any CPU.ActiveCfg = Debug|Any CPU
		{1555D772-1D96-4012-95F8-CB4D975587A5}.Debug|Any CPU.Build.0 = Debug|Any CPU
		{1555D772-1D96-4012-95F8-CB4D975587A5}.Release|Any CPU.ActiveCfg = Release|Any CPU
		{1555D772-1D96-4012-95F8-CB4D975587A5}.Release|Any CPU.Build.0 = Release|Any CPU
	EndGlobalSection
	GlobalSection(SolutionProperties) = preSolution
		HideSolutionNode = FALSE
	EndGlobalSection
	GlobalSection(NestedProjects) = preSolution
		{01B8D523-7B4F-493B-B703-D596AFA14BA4} = {10EF527A-627B-4BC4-ABDB-488B7F7738A7}
		{6E440234-7760-474C-828C-2255B550BE0C} = {10EF527A-627B-4BC4-ABDB-488B7F7738A7}
		{BC8DDA9C-B32D-47FE-9DD0-E4C234F19EA1} = {10EF527A-627B-4BC4-ABDB-488B7F7738A7}
		{A71233EC-6D4E-4C8E-93F1-E6F3D8E87914} = {10EF527A-627B-4BC4-ABDB-488B7F7738A7}
		{C28261B3-C844-4347-92A2-7FFC151B126F} = {10EF527A-627B-4BC4-ABDB-488B7F7738A7}
		{E0B7C249-142B-4BB6-9CC0-4214EDF6A87C} = {58E297EC-6B1B-4A8C-B6EE-08B6597928B8}
		{7BB1C51B-F91A-4978-B8A8-386F48C86353} = {58E297EC-6B1B-4A8C-B6EE-08B6597928B8}
		{6EF33B37-87A8-49EF-8022-358D869C54AE} = {58E297EC-6B1B-4A8C-B6EE-08B6597928B8}
		{5C204508-3158-4684-81C1-514C3BE20FA8} = {58E297EC-6B1B-4A8C-B6EE-08B6597928B8}
		{23CAF65D-5C5E-4453-A5A0-08EE6AA67526} = {58E297EC-6B1B-4A8C-B6EE-08B6597928B8}
		{AC2C2136-3C86-4423-8F7C-4C47D59CC356} = {E8DA8384-25C2-4298-88A9-6BB3355D1CCC}
		{092764EE-E53A-4CB9-8CF8-1EA06E0E4A57} = {E8DA8384-25C2-4298-88A9-6BB3355D1CCC}
		{5DF348BA-B308-41E5-B42F-1077B5AC3C3C} = {E8DA8384-25C2-4298-88A9-6BB3355D1CCC}
		{40CC52FD-3088-4C07-800F-B74092EEBA6C} = {E8DA8384-25C2-4298-88A9-6BB3355D1CCC}
		{1429484C-B9C4-44ED-B62E-888CAA1F8714} = {8B3318E7-ACF0-4C56-9FF6-1F524B41EB67}
		{03146DC9-E4A2-42C3-887F-7526658B34CC} = {8B3318E7-ACF0-4C56-9FF6-1F524B41EB67}
		{3171AEE5-7A71-45AF-8195-D6CC18A4ECB8} = {8B3318E7-ACF0-4C56-9FF6-1F524B41EB67}
		{A886430D-2513-4E4D-A2E8-A27FCB72A1A3} = {8B3318E7-ACF0-4C56-9FF6-1F524B41EB67}
		{1555D772-1D96-4012-95F8-CB4D975587A5} = {FC039B6A-CA1C-41A7-9C4B-FFDD6E3582C8}
	EndGlobalSection
	GlobalSection(ExtensibilityGlobals) = postSolution
		SolutionGuid = {70386586-C27B-4365-AE40-CA65A7C0A316}
	EndGlobalSection
EndGlobal
